<?xml version="1.0" encoding="utf-8"?>
<Project ToolsVersion="4.0" xmlns="http://schemas.microsoft.com/developer/msbuild/2003">
  <ItemGroup>
    <Filter Include="Source Files">
      <UniqueIdentifier>{4FC737F1-C7A5-4376-A066-2A32D752A2FF}</UniqueIdentifier>
      <Extensions>cpp;c;cc;cxx;def;odl;idl;hpj;bat;asm;asmx</Extensions>
    </Filter>
    <Filter Include="Header Files">
      <UniqueIdentifier>{93995380-89BD-4b04-88EB-625FBE52EBFB}</UniqueIdentifier>
      <Extensions>h;hpp;hxx;hm;inl;inc;xsd</Extensions>
    </Filter>
    <Filter Include="Resource Files">
      <UniqueIdentifier>{67DA6AB6-F800-4c08-8B7A-83BB121AAD01}</UniqueIdentifier>
      <Extensions>rc;ico;cur;bmp;dlg;rc2;rct;bin;rgs;gif;jpg;jpeg;jpe;resx;tiff;tif;png;wav;mfcribbon-ms</Extensions>
    </Filter>
    <Filter Include="include">
      <UniqueIdentifier>{6917ee29-a619-42df-854c-6abc57e691c9}</UniqueIdentifier>
    </Filter>
    <Filter Include="include\platform">
      <UniqueIdentifier>{bbfa7ad2-d8bb-4d0f-b786-224bf7ff151d}</UniqueIdentifier>
    </Filter>
    <Filter Include="include\platform\msvc">
      <UniqueIdentifier>{b13e1b8a-06ae-414a-916e-ca9afbfa9e6e}</UniqueIdentifier>
    </Filter>
  </ItemGroup>
  <ItemGroup>
    <Text Include="ReadMe.txt" />
  </ItemGroup>
  <ItemGroup>
    <ClInclude Include="stdafx.h">
      <Filter>Header Files</Filter>
    </ClInclude>
    <ClInclude Include="targetver.h">
      <Filter>Header Files</Filter>
    </ClInclude>
    <ClInclude Include="..\..\..\common\byps\include\BApiDescriptor.h">
      <Filter>include</Filter>
    </ClInclude>
    <ClInclude Include="..\..\..\common\byps\include\BArray.h">
      <Filter>include</Filter>
    </ClInclude>
    <ClInclude Include="..\..\..\common\byps\include\BArray.hpp">
      <Filter>include</Filter>
    </ClInclude>
    <ClInclude Include="..\..\..\common\byps\include\BAsyncResult.h">
      <Filter>include</Filter>
    </ClInclude>
    <ClInclude Include="..\..\..\common\byps\include\BAsyncResult.hpp">
      <Filter>include</Filter>
    </ClInclude>
    <ClInclude Include="..\..\..\common\byps\include\BBinaryModel.h">
      <Filter>include</Filter>
    </ClInclude>
    <ClInclude Include="..\..\..\common\byps\include\BBuffer.h">
      <Filter>include</Filter>
    </ClInclude>
    <ClInclude Include="..\..\..\common\byps\include\BBuffer.hpp">
      <Filter>include</Filter>
    </ClInclude>
    <ClInclude Include="..\..\..\common\byps\include\BByteOrder.h">
      <Filter>include</Filter>
    </ClInclude>
    <ClInclude Include="..\..\..\common\byps\include\BBytes.h">
      <Filter>include</Filter>
    </ClInclude>
    <ClInclude Include="..\..\..\common\byps\include\BBytes.hpp">
      <Filter>include</Filter>
    </ClInclude>
    <ClInclude Include="..\..\..\common\byps\include\BClient.h">
      <Filter>include</Filter>
    </ClInclude>
    <ClInclude Include="..\..\..\common\byps\include\BClient.hpp">
      <Filter>include</Filter>
    </ClInclude>
    <ClInclude Include="..\..\..\common\byps\include\BContentStream.h">
      <Filter>include</Filter>
    </ClInclude>
    <ClInclude Include="..\..\..\common\byps\include\BContentStream.hpp">
      <Filter>include</Filter>
    </ClInclude>
    <ClInclude Include="..\..\..\common\byps\include\BException.h">
      <Filter>include</Filter>
    </ClInclude>
    <ClInclude Include="..\..\..\common\byps\include\BException.hpp">
      <Filter>include</Filter>
    </ClInclude>
    <ClInclude Include="..\..\..\common\byps\include\BInput.h">
      <Filter>include</Filter>
    </ClInclude>
    <ClInclude Include="..\..\..\common\byps\include\BInput.hpp">
      <Filter>include</Filter>
    </ClInclude>
    <ClInclude Include="..\..\..\common\byps\include\BIO.h">
      <Filter>include</Filter>
    </ClInclude>
    <ClInclude Include="..\..\..\common\byps\include\BIO.hpp">
      <Filter>include</Filter>
    </ClInclude>
    <ClInclude Include="..\..\..\common\byps\include\BLogger.h">
      <Filter>include</Filter>
    </ClInclude>
    <ClInclude Include="..\..\..\common\byps\include\BLogger.hpp">
      <Filter>include</Filter>
    </ClInclude>
    <ClInclude Include="..\..\..\common\byps\include\BMessage.h">
      <Filter>include</Filter>
    </ClInclude>
    <ClInclude Include="..\..\..\common\byps\include\BMessage.hpp">
      <Filter>include</Filter>
    </ClInclude>
    <ClInclude Include="..\..\..\common\byps\include\BMessageHeader.h">
      <Filter>include</Filter>
    </ClInclude>
    <ClInclude Include="..\..\..\common\byps\include\BMessageHeader.hpp">
      <Filter>include</Filter>
    </ClInclude>
    <ClInclude Include="..\..\..\common\byps\include\BMethodRequest.h">
      <Filter>include</Filter>
    </ClInclude>
    <ClInclude Include="..\..\..\common\byps\include\BMethodRequest.hpp">
      <Filter>include</Filter>
    </ClInclude>
    <ClInclude Include="..\..\..\common\byps\include\BMethodResult.h">
      <Filter>include</Filter>
    </ClInclude>
    <ClInclude Include="..\..\..\common\byps\include\BMethodResult.hpp">
      <Filter>include</Filter>
    </ClInclude>
    <ClInclude Include="..\..\..\common\byps\include\BNegotiate.h">
      <Filter>include</Filter>
    </ClInclude>
    <ClInclude Include="..\..\..\common\byps\include\BNegotiate.hpp">
      <Filter>include</Filter>
    </ClInclude>
    <ClInclude Include="..\..\..\common\byps\include\BOutput.h">
      <Filter>include</Filter>
    </ClInclude>
    <ClInclude Include="..\..\..\common\byps\include\BOutput.hpp">
      <Filter>include</Filter>
    </ClInclude>
    <ClInclude Include="..\..\..\common\byps\include\BProtocol.h">
      <Filter>include</Filter>
    </ClInclude>
    <ClInclude Include="..\..\..\common\byps\include\BProtocol.hpp">
      <Filter>include</Filter>
    </ClInclude>
    <ClInclude Include="..\..\..\common\byps\include\BRegistry.h">
      <Filter>include</Filter>
    </ClInclude>
    <ClInclude Include="..\..\..\common\byps\include\BRegistry.hpp">
      <Filter>include</Filter>
    </ClInclude>
    <ClInclude Include="..\..\..\common\byps\include\BRemote.h">
      <Filter>include</Filter>
    </ClInclude>
    <ClInclude Include="..\..\..\common\byps\include\BSerializable.h">
      <Filter>include</Filter>
    </ClInclude>
    <ClInclude Include="..\..\..\common\byps\include\BSerializable.hpp">
      <Filter>include</Filter>
    </ClInclude>
    <ClInclude Include="..\..\..\common\byps\include\BSerializer.h">
      <Filter>include</Filter>
    </ClInclude>
    <ClInclude Include="..\..\..\common\byps\include\BSerializer.hpp">
      <Filter>include</Filter>
    </ClInclude>
    <ClInclude Include="..\..\..\common\byps\include\BServer.h">
      <Filter>include</Filter>
    </ClInclude>
    <ClInclude Include="..\..\..\common\byps\include\BServer.hpp">
      <Filter>include</Filter>
    </ClInclude>
    <ClInclude Include="..\..\..\common\byps\include\BSkeleton.h">
      <Filter>include</Filter>
    </ClInclude>
    <ClInclude Include="..\..\..\common\byps\include\BSkeleton.hpp">
      <Filter>include</Filter>
    </ClInclude>
    <ClInclude Include="..\..\..\common\byps\include\BStreamRequest.h">
      <Filter>include</Filter>
    </ClInclude>
    <ClInclude Include="..\..\..\common\byps\include\BStreamRequest.hpp">
      <Filter>include</Filter>
    </ClInclude>
    <ClInclude Include="..\..\..\common\byps\include\BStub.h">
      <Filter>include</Filter>
    </ClInclude>
    <ClInclude Include="..\..\..\common\byps\include\BStub.hpp">
      <Filter>include</Filter>
    </ClInclude>
    <ClInclude Include="..\..\..\common\byps\include\BSynchronized.h">
      <Filter>include</Filter>
    </ClInclude>
    <ClInclude Include="..\..\..\common\byps\include\BTargetId.h">
      <Filter>include</Filter>
    </ClInclude>
    <ClInclude Include="..\..\..\common\byps\include\BTargetId.hpp">
      <Filter>include</Filter>
    </ClInclude>
    <ClInclude Include="..\..\..\common\byps\include\BTestAdapter.h">
      <Filter>include</Filter>
    </ClInclude>
    <ClInclude Include="..\..\..\common\byps\include\BTransport.h">
      <Filter>include</Filter>
    </ClInclude>
    <ClInclude Include="..\..\..\common\byps\include\BTransport.hpp">
      <Filter>include</Filter>
    </ClInclude>
    <ClInclude Include="..\..\..\common\byps\include\BTransportFactory.h">
      <Filter>include</Filter>
    </ClInclude>
    <ClInclude Include="..\..\..\common\byps\include\BUtils.h">
      <Filter>include</Filter>
    </ClInclude>
    <ClInclude Include="..\..\..\common\byps\include\BUtils.hpp">
      <Filter>include</Filter>
    </ClInclude>
    <ClInclude Include="..\..\..\common\byps\include\BVariant.h">
      <Filter>include</Filter>
    </ClInclude>
    <ClInclude Include="..\..\..\common\byps\include\BVariant.hpp">
      <Filter>include</Filter>
    </ClInclude>
    <ClInclude Include="..\..\..\common\byps\include\BWire.h">
      <Filter>include</Filter>
    </ClInclude>
    <ClInclude Include="..\..\..\common\byps\include\BWire.hpp">
      <Filter>include</Filter>
    </ClInclude>
    <ClInclude Include="..\..\..\common\byps\include\Byps.h">
      <Filter>include</Filter>
    </ClInclude>
    <ClInclude Include="..\..\..\common\byps\include\Byps.hpp">
      <Filter>include</Filter>
    </ClInclude>
    <ClInclude Include="..\..\..\common\byps\include\Byps-impl.h">
      <Filter>include</Filter>
    </ClInclude>
    <ClInclude Include="..\..\..\common\byps\include\platform\any.h">
      <Filter>include\platform</Filter>
    </ClInclude>
    <ClInclude Include="..\..\..\common\byps\include\platform\platform-api.h">
      <Filter>include\platform</Filter>
    </ClInclude>
    <ClInclude Include="..\..\..\common\byps\include\platform\platform-impl.h">
      <Filter>include\platform</Filter>
    </ClInclude>
    <ClInclude Include="..\..\..\common\byps\include\BThreadPool.h">
      <Filter>include</Filter>
    </ClInclude>
    <ClInclude Include="..\..\..\common\byps\include\BThreadPool.hpp">
      <Filter>include</Filter>
    </ClInclude>
    <ClInclude Include="..\..\..\common\byps\include\platform\msvc\msvc_x86_x64.h">
      <Filter>include\platform\msvc</Filter>
    </ClInclude>
    <ClInclude Include="..\..\..\common\byps\include\platform\platform.hpp">
      <Filter>include\platform</Filter>
    </ClInclude>
    <ClInclude Include="..\..\..\common\byps\include\BVersioning.h">
      <Filter>include</Filter>
    </ClInclude>
  </ItemGroup>
  <ItemGroup>
    <ClCompile Include="stdafx.cpp">
      <Filter>Source Files</Filter>
    </ClCompile>
    <ClCompile Include="byps.cpp">
      <Filter>Source Files</Filter>
    </ClCompile>
  </ItemGroup>
</Project>